
Microsoft Visual Studio Solution File, Format Version 11.00
# Visual Studio 2010
Project("{FAE04EC0-301F-11D3-BF4B-00C04F79EFBC}") = "libraryManagement(apps)", "libraryManagement(apps).csproj", "{57DF3F8B-2C47-4B5E-9701-D298FDB7791A}"
EndProject
Global
	GlobalSection(SolutionConfigurationPlatforms) = preSolution
		Debug|Any CPU = Debug|Any CPU
		Release|Any CPU = Release|Any CPU
	EndGlobalSection
	GlobalSection(ProjectConfigurationPlatforms) = postSolution
		{57DF3F8B-2C47-4B5E-9701-D298FDB7791A}.Debug|Any CPU.ActiveCfg = Debug|Any CPU
		{57DF3F8B-2C47-4B5E-9701-D298FDB7791A}.Debug|Any CPU.Build.0 = Debug|Any CPU
		{57DF3F8B-2C47-4B5E-9701-D298FDB7791A}.Release|Any CPU.ActiveCfg = Release|Any CPU
		{57DF3F8B-2C47-4B5E-9701-D298FDB7791A}.Release|Any CPU.Build.0 = Release|Any CPU
	EndGlobalSection
	GlobalSection(SolutionProperties) = preSolution
		HideSolutionNode = FALSE
	EndGlobalSection
EndGlobal
